
Microsoft Visual Studio Solution File, Format Version 12.00
# Visual Studio Version 17
VisualStudioVersion = 17.7.34018.315
MinimumVisualStudioVersion = 10.0.40219.1
Project("{FAE04EC0-301F-11D3-BF4B-00C04F79EFBC}") = "Api", "Api\Api.csproj", "{A3343A72-84C4-4204-8526-87FEB585F46A}"
EndProject
Project("{FAE04EC0-301F-11D3-BF4B-00C04F79EFBC}") = "Application", "Application\Application.csproj", "{DA354DD2-A0C1-4FE5-B88A-C8557BF244D5}"
EndProject
Project("{FAE04EC0-301F-11D3-BF4B-00C04F79EFBC}") = "Infrastructure", "Infrastructure\Infrastructure.csproj", "{54EFAC73-EA02-45CE-A08D-5E4C46444205}"
EndProject
Project("{FAE04EC0-301F-11D3-BF4B-00C04F79EFBC}") = "Contracts", "Contracts\Contracts.csproj", "{B73689B1-0A1A-4FAA-82E2-77198845697E}"
EndProject
Project("{FAE04EC0-301F-11D3-BF4B-00C04F79EFBC}") = "Domain", "Domain\Domain.csproj", "{398E3EF9-794E-4E15-B9E9-4B19653D13C4}"
EndProject
Global
	GlobalSection(SolutionConfigurationPlatforms) = preSolution
		Debug|Any CPU = Debug|Any CPU
		Release|Any CPU = Release|Any CPU
	EndGlobalSection
	GlobalSection(ProjectConfigurationPlatforms) = postSolution
		{A3343A72-84C4-4204-8526-87FEB585F46A}.Debug|Any CPU.ActiveCfg = Debug|Any CPU
		{A3343A72-84C4-4204-8526-87FEB585F46A}.Debug|Any CPU.Build.0 = Debug|Any CPU
		{A3343A72-84C4-4204-8526-87FEB585F46A}.Release|Any CPU.ActiveCfg = Release|Any CPU
		{A3343A72-84C4-4204-8526-87FEB585F46A}.Release|Any CPU.Build.0 = Release|Any CPU
		{DA354DD2-A0C1-4FE5-B88A-C8557BF244D5}.Debug|Any CPU.ActiveCfg = Debug|Any CPU
		{DA354DD2-A0C1-4FE5-B88A-C8557BF244D5}.Debug|Any CPU.Build.0 = Debug|Any CPU
		{DA354DD2-A0C1-4FE5-B88A-C8557BF244D5}.Release|Any CPU.ActiveCfg = Release|Any CPU
		{DA354DD2-A0C1-4FE5-B88A-C8557BF244D5}.Release|Any CPU.Build.0 = Release|Any CPU
		{54EFAC73-EA02-45CE-A08D-5E4C46444205}.Debug|Any CPU.ActiveCfg = Debug|Any CPU
		{54EFAC73-EA02-45CE-A08D-5E4C46444205}.Debug|Any CPU.Build.0 = Debug|Any CPU
		{54EFAC73-EA02-45CE-A08D-5E4C46444205}.Release|Any CPU.ActiveCfg = Release|Any CPU
		{54EFAC73-EA02-45CE-A08D-5E4C46444205}.Release|Any CPU.Build.0 = Release|Any CPU
		{B73689B1-0A1A-4FAA-82E2-77198845697E}.Debug|Any CPU.ActiveCfg = Debug|Any CPU
		{B73689B1-0A1A-4FAA-82E2-77198845697E}.Debug|Any CPU.Build.0 = Debug|Any CPU
		{B73689B1-0A1A-4FAA-82E2-77198845697E}.Release|Any CPU.ActiveCfg = Release|Any CPU
		{B73689B1-0A1A-4FAA-82E2-77198845697E}.Release|Any CPU.Build.0 = Release|Any CPU
		{398E3EF9-794E-4E15-B9E9-4B19653D13C4}.Debug|Any CPU.ActiveCfg = Debug|Any CPU
		{398E3EF9-794E-4E15-B9E9-4B19653D13C4}.Debug|Any CPU.Build.0 = Debug|Any CPU
		{398E3EF9-794E-4E15-B9E9-4B19653D13C4}.Release|Any CPU.ActiveCfg = Release|Any CPU
		{398E3EF9-794E-4E15-B9E9-4B19653D13C4}.Release|Any CPU.Build.0 = Release|Any CPU
	EndGlobalSection
	GlobalSection(SolutionProperties) = preSolution
		HideSolutionNode = FALSE
	EndGlobalSection
	GlobalSection(ExtensibilityGlobals) = postSolution
		SolutionGuid = {81AD7C4D-D0EE-499B-A772-D91146DA4844}
	EndGlobalSection
EndGlobal
